{
  "name": "poplar",
  "version": "1.0.0",
  "lockfileVersion": 1,
  "requires": true,
  "dependencies": {
    "fast-safe-stringify": {
      "version": "2.0.4",
      "resolved": "https://registry.npmjs.org/fast-safe-stringify/-/fast-safe-stringify-2.0.4.tgz",
      "integrity": "sha512-mNlGUdKOeGNleyrmgbKYtbnCr9KZkZXU7eM89JRo8vY10f7Ul1Fbj07hUBW3N4fC0xM+fmfFfa2zM7mIizhpNQ=="
    },
    "json-parse-safe": {
      "version": "1.0.5",
      "resolved": "https://registry.npmjs.org/json-parse-safe/-/json-parse-safe-1.0.5.tgz",
      "integrity": "sha512-bA4Wieq0+zN+onjNQh/p0NrCg6w8GUGDbvQ6MBVuBI+XGCg/CQfg5hVFHp7080+zrSJbTxNvQxZ61ENtmb1pYg=="
    }
  }
}
